# THIS IS AN AUTOGENERATED FILE. DO NOT EDIT THIS FILE DIRECTLY.
# yarn lockfile v1


"@babel/code-frame@^7.29.7":
  version "7.29.7"
  resolved "https://registry.npmjs.org/@babel/code-frame/-/code-frame-7.29.7.tgz"
  dependencies:
    "@babel/helper-validator-identifier" "^7.29.7"
    js-tokens "^4.0.0"
    picocolors "^1.1.1"

"@babel/compat-data@^7.29.7":
  version "7.29.7"
  resolved "https://registry.npmjs.org/@babel/compat-data/-/compat-data-7.29.7.tgz"

"@babel/core@^7.29.0":
  version "7.29.7"
  resolved "https://registry.npmjs.org/@babel/core/-/core-7.29.7.tgz"
  dependencies:
    "@babel/code-frame" "^7.29.7"
    "@babel/generator" "^7.29.7"
    "@babel/helper-compilation-targets" "^7.29.7"
    "@babel/helper-module-transforms" "^7.29.7"
    "@babel/helpers" "^7.29.7"
    "@babel/parser" "^7.29.7"
    "@babel/template" "^7.29.7"
    "@babel/traverse" "^7.29.7"
    "@babel/types" "^7.29.7"
    "@jridgewell/remapping" "^2.3.5"
    convert-source-map "^2.0.0"
    debug "^4.1.0"
    gensync "^1.0.0-beta.2"
    json5 "^2.2.3"
    semver "^6.3.1"

"@babel/generator@^7.29.7", "@babel/generator@^7.29.8":
  version "7.29.8"
  resolved "https://registry.npmjs.org/@babel/generator/-/generator-7.29.8.tgz"
  dependencies:
    "@babel/parser" "^7.29.8"
    "@babel/types" "^7.29.8"
    "@jridgewell/gen-mapping" "^0.3.12"
    "@jridgewell/trace-mapping" "^0.3.28"
    jsesc "^3.0.2"

"@babel/helper-compilation-targets@^7.29.7":
  version "7.29.7"
  resolved "https://registry.npmjs.org/@babel/helper-compilation-targets/-/helper-compilation-targets-7.29.7.tgz"
  dependencies:
    "@babel/compat-data" "^7.29.7"
    "@babel/helper-validator-option" "^7.29.7"
    browserslist "^4.24.0"
    lru-cache "^5.1.1"
    semver "^6.3.1"

"@babel/helper-globals@^7.29.7":
  version "7.29.7"
  resolved "https://registry.npmjs.org/@babel/helper-globals/-/helper-globals-7.29.7.tgz"

"@babel/helper-module-imports@^7.29.7":
  version "7.29.7"
  resolved "https://registry.npmjs.org/@babel/helper-module-imports/-/helper-module-imports-7.29.7.tgz"
  dependencies:
    "@babel/traverse" "^7.29.7"
    "@babel/types" "^7.29.7"

"@babel/helper-module-transforms@^7.29.7":
  version "7.29.7"
  resolved "https://registry.npmjs.org/@babel/helper-module-transforms/-/helper-module-transforms-7.29.7.tgz"
  dependencies:
    "@babel/helper-module-imports" "^7.29.7"
    "@babel/helper-validator-identifier" "^7.29.7"
    "@babel/traverse" "^7.29.7"

"@babel/helper-plugin-utils@^7.29.7":
  version "7.29.7"
  resolved "https://registry.npmjs.org/@babel/helper-plugin-utils/-/helper-plugin-utils-7.29.7.tgz"

"@babel/helper-string-parser@^7.29.7":
  version "7.29.7"
  resolved "https://registry.npmjs.org/@babel/helper-string-parser/-/helper-string-parser-7.29.7.tgz"

"@babel/helper-validator-identifier@^7.29.7":
  version "7.29.7"
  resolved "https://registry.npmjs.org/@babel/helper-validator-identifier/-/helper-validator-identifier-7.29.7.tgz"

"@babel/helper-validator-option@^7.29.7":
  version "7.29.7"
  resolved "https://registry.npmjs.org/@babel/helper-validator-option/-/helper-validator-option-7.29.7.tgz"

"@babel/helpers@^7.29.7":
  version "7.29.7"
  resolved "https://registry.npmjs.org/@babel/helpers/-/helpers-7.29.7.tgz"
  dependencies:
    "@babel/template" "^7.29.7"
    "@babel/types" "^7.29.7"

"@babel/parser@^7.1.0", "@babel/parser@^7.20.7", "@babel/parser@^7.29.7", "@babel/parser@^7.29.8":
  version "7.29.8"
  resolved "https://registry.npmjs.org/@babel/parser/-/parser-7.29.8.tgz"
  dependencies:
    "@babel/types" "^7.29.8"

"@babel/plugin-transform-react-jsx-self@^7.27.1":
  version "7.29.7"
  resolved "https://registry.npmjs.org/@babel/plugin-transform-react-jsx-self/-/plugin-transform-react-jsx-self-7.29.7.tgz"
  dependencies:
    "@babel/helper-plugin-utils" "^7.29.7"

"@babel/plugin-transform-react-jsx-source@^7.27.1":
  version "7.29.7"
  resolved "https://registry.npmjs.org/@babel/plugin-transform-react-jsx-source/-/plugin-transform-react-jsx-source-7.29.7.tgz"
  dependencies:
    "@babel/helper-plugin-utils" "^7.29.7"

"@babel/template@^7.29.7":
  version "7.29.7"
  resolved "https://registry.npmjs.org/@babel/template/-/template-7.29.7.tgz"
  dependencies:
    "@babel/code-frame" "^7.29.7"
    "@babel/parser" "^7.29.7"
    "@babel/types" "^7.29.7"

"@babel/traverse@^7.29.7":
  version "7.29.8"
  resolved "https://registry.npmjs.org/@babel/traverse/-/traverse-7.29.8.tgz"
  dependencies:
    "@babel/code-frame" "^7.29.7"
    "@babel/generator" "^7.29.8"
    "@babel/helper-globals" "^7.29.7"
    "@babel/parser" "^7.29.8"
    "@babel/template" "^7.29.7"
    "@babel/types" "^7.29.8"
    debug "^4.3.1"

"@babel/types@^7.0.0", "@babel/types@^7.20.7", "@babel/types@^7.28.2", "@babel/types@^7.29.7", "@babel/types@^7.29.8":
  version "7.29.8"
  resolved "https://registry.npmjs.org/@babel/types/-/types-7.29.8.tgz"
  dependencies:
    "@babel/helper-string-parser" "^7.29.7"
    "@babel/helper-validator-identifier" "^7.29.7"

"@esbuild/linux-x64@0.25.12":
  version "0.25.12"
  resolved "https://registry.npmjs.org/@esbuild/linux-x64/-/linux-x64-0.25.12.tgz"

"@esbuild/linux-x64@0.28.2":
  version "0.28.2"
  resolved "https://registry.npmjs.org/@esbuild/linux-x64/-/linux-x64-0.28.2.tgz"

"@google/genai@^2.4.0":
  version "2.21.0"
  resolved "https://registry.npmjs.org/@google/genai/-/genai-2.21.0.tgz"
  dependencies:
    google-auth-library "^10.3.0"
    p-retry "^4.6.2"
    protobufjs "^7.5.4"
    ws "^8.18.0"

"@jridgewell/gen-mapping@^0.3.12", "@jridgewell/gen-mapping@^0.3.5":
  version "0.3.13"
  resolved "https://registry.npmjs.org/@jridgewell/gen-mapping/-/gen-mapping-0.3.13.tgz"
  dependencies:
    "@jridgewell/sourcemap-codec" "^1.5.0"
    "@jridgewell/trace-mapping" "^0.3.24"

"@jridgewell/remapping@^2.3.5":
  version "2.3.5"
  resolved "https://registry.npmjs.org/@jridgewell/remapping/-/remapping-2.3.5.tgz"
  dependencies:
    "@jridgewell/gen-mapping" "^0.3.5"
    "@jridgewell/trace-mapping" "^0.3.24"

"@jridgewell/resolve-uri@^3.1.0":
  version "3.1.2"
  resolved "https://registry.npmjs.org/@jridgewell/resolve-uri/-/resolve-uri-3.1.2.tgz"

"@jridgewell/sourcemap-codec@^1.4.14", "@jridgewell/sourcemap-codec@^1.5.0", "@jridgewell/sourcemap-codec@^1.5.5":
  version "1.6.0"
  resolved "https://registry.npmjs.org/@jridgewell/sourcemap-codec/-/sourcemap-codec-1.6.0.tgz"

"@jridgewell/trace-mapping@^0.3.24", "@jridgewell/trace-mapping@^0.3.28":
  version "0.3.31"
  resolved "https://registry.npmjs.org/@jridgewell/trace-mapping/-/trace-mapping-0.3.31.tgz"
  dependencies:
    "@jridgewell/resolve-uri" "^3.1.0"
    "@jridgewell/sourcemap-codec" "^1.4.14"

"@napi-rs/lzma-linux-x64-gnu@1.5.1":
  version "1.5.1"
  resolved "https://registry.npmjs.org/@napi-rs/lzma-linux-x64-gnu/-/lzma-linux-x64-gnu-1.5.1.tgz"

"@protobufjs/aspromise@^1.1.1", "@protobufjs/aspromise@^1.1.2":
  version "1.1.2"
  resolved "https://registry.npmjs.org/@protobufjs/aspromise/-/aspromise-1.1.2.tgz"

"@protobufjs/base64@^1.1.2":
  version "1.1.2"
  resolved "https://registry.npmjs.org/@protobufjs/base64/-/base64-1.1.2.tgz"

"@protobufjs/codegen@^2.0.5":
  version "2.0.5"
  resolved "https://registry.npmjs.org/@protobufjs/codegen/-/codegen-2.0.5.tgz"

"@protobufjs/eventemitter@^1.1.1":
  version "1.1.1"
  resolved "https://registry.npmjs.org/@protobufjs/eventemitter/-/eventemitter-1.1.1.tgz"

"@protobufjs/fetch@^1.1.1":
  version "1.1.1"
  resolved "https://registry.npmjs.org/@protobufjs/fetch/-/fetch-1.1.1.tgz"
  dependencies:
    "@protobufjs/aspromise" "^1.1.1"

"@protobufjs/float@^1.0.2":
  version "1.0.2"
  resolved "https://registry.npmjs.org/@protobufjs/float/-/float-1.0.2.tgz"

"@protobufjs/path@^1.1.2":
  version "1.1.2"
  resolved "https://registry.npmjs.org/@protobufjs/path/-/path-1.1.2.tgz"

"@protobufjs/pool@^1.1.0":
  version "1.1.0"
  resolved "https://registry.npmjs.org/@protobufjs/pool/-/pool-1.1.0.tgz"

"@protobufjs/utf8@^1.1.1":
  version "1.1.2"
  resolved "https://registry.npmjs.org/@protobufjs/utf8/-/utf8-1.1.2.tgz"

"@reduxjs/toolkit@^1.9.0 || 2.x.x":
  version "2.12.0"
  resolved "https://registry.npmjs.org/@reduxjs/toolkit/-/toolkit-2.12.0.tgz"
  dependencies:
    "@standard-schema/spec" "^1.0.0"
    "@standard-schema/utils" "^0.3.0"
    immer "^11.0.0"
    redux "^5.0.1"
    redux-thunk "^3.1.0"
    reselect "^5.1.0"

"@rolldown/pluginutils@1.0.0-rc.3":
  version "1.0.0-rc.3"
  resolved "https://registry.npmjs.org/@rolldown/pluginutils/-/pluginutils-1.0.0-rc.3.tgz"

"@rollup/rollup-linux-x64-gnu@4.63.1":
  version "4.63.1"
  resolved "https://registry.npmjs.org/@rollup/rollup-linux-x64-gnu/-/rollup-linux-x64-gnu-4.63.1.tgz"

"@rollup/rollup-linux-x64-musl@4.63.1":
  version "4.63.1"
  resolved "https://registry.npmjs.org/@rollup/rollup-linux-x64-musl/-/rollup-linux-x64-musl-4.63.1.tgz"

"@standard-schema/spec@^1.0.0":
  version "1.1.0"
  resolved "https://registry.npmjs.org/@standard-schema/spec/-/spec-1.1.0.tgz"

"@standard-schema/utils@^0.3.0":
  version "0.3.0"
  resolved "https://registry.npmjs.org/@standard-schema/utils/-/utils-0.3.0.tgz"

"@tailwindcss/node@4.3.3":
  version "4.3.3"
  resolved "https://registry.npmjs.org/@tailwindcss/node/-/node-4.3.3.tgz"
  dependencies:
    "@jridgewell/remapping" "^2.3.5"
    enhanced-resolve "^5.24.1"
    jiti "^2.7.0"
    lightningcss "1.32.0"
    magic-string "^0.30.21"
    source-map-js "^1.2.1"
    tailwindcss "4.3.3"

"@tailwindcss/oxide-linux-x64-gnu@4.3.3":
  version "4.3.3"
  resolved "https://registry.npmjs.org/@tailwindcss/oxide-linux-x64-gnu/-/oxide-linux-x64-gnu-4.3.3.tgz"

"@tailwindcss/oxide-linux-x64-musl@4.3.3":
  version "4.3.3"
  resolved "https://registry.npmjs.org/@tailwindcss/oxide-linux-x64-musl/-/oxide-linux-x64-musl-4.3.3.tgz"

"@tailwindcss/oxide@4.3.3":
  version "4.3.3"
  resolved "https://registry.npmjs.org/@tailwindcss/oxide/-/oxide-4.3.3.tgz"
  optionalDependencies:
    "@tailwindcss/oxide-android-arm64" "4.3.3"
    "@tailwindcss/oxide-darwin-arm64" "4.3.3"
    "@tailwindcss/oxide-darwin-x64" "4.3.3"
    "@tailwindcss/oxide-freebsd-x64" "4.3.3"
    "@tailwindcss/oxide-linux-arm-gnueabihf" "4.3.3"
    "@tailwindcss/oxide-linux-arm64-gnu" "4.3.3"
    "@tailwindcss/oxide-linux-arm64-musl" "4.3.3"
    "@tailwindcss/oxide-linux-x64-gnu" "4.3.3"
    "@tailwindcss/oxide-linux-x64-musl" "4.3.3"
    "@tailwindcss/oxide-wasm32-wasi" "4.3.3"
    "@tailwindcss/oxide-win32-arm64-msvc" "4.3.3"
    "@tailwindcss/oxide-win32-x64-msvc" "4.3.3"

"@tailwindcss/vite@^4.1.14":
  version "4.3.3"
  resolved "https://registry.npmjs.org/@tailwindcss/vite/-/vite-4.3.3.tgz"
  dependencies:
    "@tailwindcss/node" "4.3.3"
    "@tailwindcss/oxide" "4.3.3"
    tailwindcss "4.3.3"

"@types/babel__core@^7.20.5":
  version "7.20.5"
  resolved "https://registry.npmjs.org/@types/babel__core/-/babel__core-7.20.5.tgz"
  dependencies:
    "@babel/parser" "^7.20.7"
    "@babel/types" "^7.20.7"
    "@types/babel__generator" "*"
    "@types/babel__template" "*"
    "@types/babel__traverse" "*"

"@types/babel__generator@*":
  version "7.27.0"
  resolved "https://registry.npmjs.org/@types/babel__generator/-/babel__generator-7.27.0.tgz"
  dependencies:
    "@babel/types" "^7.0.0"

"@types/babel__template@*":
  version "7.4.4"
  resolved "https://registry.npmjs.org/@types/babel__template/-/babel__template-7.4.4.tgz"
  dependencies:
    "@babel/parser" "^7.1.0"
    "@babel/types" "^7.0.0"

"@types/babel__traverse@*":
  version "7.28.0"
  resolved "https://registry.npmjs.org/@types/babel__traverse/-/babel__traverse-7.28.0.tgz"
  dependencies:
    "@babel/types" "^7.28.2"

"@types/body-parser@*":
  version "1.19.6"
  resolved "https://registry.npmjs.org/@types/body-parser/-/body-parser-1.19.6.tgz"
  dependencies:
    "@types/connect" "*"
    "@types/node" "*"

"@types/canvas-confetti@^1.9.0":
  version "1.9.0"
  resolved "https://registry.npmjs.org/@types/canvas-confetti/-/canvas-confetti-1.9.0.tgz"

"@types/connect@*":
  version "3.4.38"
  resolved "https://registry.npmjs.org/@types/connect/-/connect-3.4.38.tgz"
  dependencies:
    "@types/node" "*"

"@types/d3-array@^3.0.3":
  version "3.2.2"
  resolved "https://registry.npmjs.org/@types/d3-array/-/d3-array-3.2.2.tgz"

"@types/d3-color@*":
  version "3.1.3"
  resolved "https://registry.npmjs.org/@types/d3-color/-/d3-color-3.1.3.tgz"

"@types/d3-ease@^3.0.0":
  version "3.0.2"
  resolved "https://registry.npmjs.org/@types/d3-ease/-/d3-ease-3.0.2.tgz"

"@types/d3-interpolate@^3.0.1":
  version "3.0.4"
  resolved "https://registry.npmjs.org/@types/d3-interpolate/-/d3-interpolate-3.0.4.tgz"
  dependencies:
    "@types/d3-color" "*"

"@types/d3-path@*":
  version "3.1.1"
  resolved "https://registry.npmjs.org/@types/d3-path/-/d3-path-3.1.1.tgz"

"@types/d3-scale@^4.0.2":
  version "4.0.9"
  resolved "https://registry.npmjs.org/@types/d3-scale/-/d3-scale-4.0.9.tgz"
  dependencies:
    "@types/d3-time" "*"

"@types/d3-shape@^3.1.0":
  version "3.2.0"
  resolved "https://registry.npmjs.org/@types/d3-shape/-/d3-shape-3.2.0.tgz"
  dependencies:
    "@types/d3-path" "*"

"@types/d3-time@*", "@types/d3-time@^3.0.0":
  version "3.0.4"
  resolved "https://registry.npmjs.org/@types/d3-time/-/d3-time-3.0.4.tgz"

"@types/d3-timer@^3.0.0":
  version "3.0.2"
  resolved "https://registry.npmjs.org/@types/d3-timer/-/d3-timer-3.0.2.tgz"

"@types/estree@1.0.9":
  version "1.0.9"
  resolved "https://registry.npmjs.org/@types/estree/-/estree-1.0.9.tgz"

"@types/express-serve-static-core@^4.17.33":
  version "4.19.9"
  resolved "https://registry.npmjs.org/@types/express-serve-static-core/-/express-serve-static-core-4.19.9.tgz"
  dependencies:
    "@types/node" "*"
    "@types/qs" "*"
    "@types/range-parser" "*"
    "@types/send" "*"

"@types/express@^4.17.21":
  version "4.17.25"
  resolved "https://registry.npmjs.org/@types/express/-/express-4.17.25.tgz"
  dependencies:
    "@types/body-parser" "*"
    "@types/express-serve-static-core" "^4.17.33"
    "@types/qs" "*"
    "@types/serve-static" "^1"

"@types/http-errors@*":
  version "2.0.5"
  resolved "https://registry.npmjs.org/@types/http-errors/-/http-errors-2.0.5.tgz"

"@types/mime@^1":
  version "1.3.5"
  resolved "https://registry.npmjs.org/@types/mime/-/mime-1.3.5.tgz"

"@types/node@*":
  version "26.4.1"
  resolved "https://registry.npmjs.org/@types/node/-/node-26.4.1.tgz"
  dependencies:
    undici-types "~8.3.0"

"@types/node@^22.14.0":
  version "22.20.1"
  resolved "https://registry.npmjs.org/@types/node/-/node-22.20.1.tgz"
  dependencies:
    undici-types "~6.21.0"

"@types/node@>=13.7.0":
  version "26.4.1"
  resolved "https://registry.npmjs.org/@types/node/-/node-26.4.1.tgz"
  dependencies:
    undici-types "~8.3.0"

"@types/qs@*":
  version "6.15.1"
  resolved "https://registry.npmjs.org/@types/qs/-/qs-6.15.1.tgz"

"@types/range-parser@*":
  version "1.2.7"
  resolved "https://registry.npmjs.org/@types/range-parser/-/range-parser-1.2.7.tgz"

"@types/react-is@^19.2.0":
  version "19.2.0"
  resolved "https://registry.npmjs.org/@types/react-is/-/react-is-19.2.0.tgz"
  integrity sha512-NP2xtcjZfORsOa4g2JwdseyEnF+wUCx25fTdG/J/HIY6yKga6+NozRBg2xR2gyh7kKYyd6DXndbq0YbQuTJ7Ew==
  dependencies:
    "@types/react" "*"

"@types/react@*":
  version "19.2.18"
  resolved "https://registry.npmjs.org/@types/react/-/react-19.2.18.tgz"
  integrity sha512-AnzbBERsrLKtk2XSfTbYRLjQPdy116Sty4q+T+Bp3IC4l6jNBvreVPAHmpq9qhXQM7CXZPjLVmGMw9sy+hxQ3w==
  dependencies:
    csstype "^3.2.2"

"@types/retry@0.12.0":
  version "0.12.0"
  resolved "https://registry.npmjs.org/@types/retry/-/retry-0.12.0.tgz"

"@types/send@*":
  version "1.2.1"
  resolved "https://registry.npmjs.org/@types/send/-/send-1.2.1.tgz"
  dependencies:
    "@types/node" "*"

"@types/send@<1":
  version "0.17.6"
  resolved "https://registry.npmjs.org/@types/send/-/send-0.17.6.tgz"
  dependencies:
    "@types/mime" "^1"
    "@types/node" "*"

"@types/serve-static@^1":
  version "1.15.10"
  resolved "https://registry.npmjs.org/@types/serve-static/-/serve-static-1.15.10.tgz"
  dependencies:
    "@types/http-errors" "*"
    "@types/node" "*"
    "@types/send" "<1"

"@types/use-sync-external-store@^0.0.6":
  version "0.0.6"
  resolved "https://registry.npmjs.org/@types/use-sync-external-store/-/use-sync-external-store-0.0.6.tgz"

"@vitejs/plugin-react@^5.0.4":
  version "5.2.0"
  resolved "https://registry.npmjs.org/@vitejs/plugin-react/-/plugin-react-5.2.0.tgz"
  dependencies:
    "@babel/core" "^7.29.0"
    "@babel/plugin-transform-react-jsx-self" "^7.27.1"
    "@babel/plugin-transform-react-jsx-source" "^7.27.1"
    "@rolldown/pluginutils" "1.0.0-rc.3"
    "@types/babel__core" "^7.20.5"
    react-refresh "^0.18.0"

accepts@~1.3.8:
  version "1.3.8"
  resolved "https://registry.npmjs.org/accepts/-/accepts-1.3.8.tgz"
  dependencies:
    mime-types "~2.1.34"
    negotiator "0.6.3"

agent-base@^7.1.2:
  version "7.1.4"
  resolved "https://registry.npmjs.org/agent-base/-/agent-base-7.1.4.tgz"

array-flatten@1.1.1:
  version "1.1.1"
  resolved "https://registry.npmjs.org/array-flatten/-/array-flatten-1.1.1.tgz"

autoprefixer@^10.4.21:
  version "10.5.5"
  resolved "https://registry.npmjs.org/autoprefixer/-/autoprefixer-10.5.5.tgz"
  dependencies:
    browserslist "^4.28.9"
    caniuse-lite "^1.0.30001810"
    fraction.js "^5.3.4"
    picocolors "^1.1.1"
    postcss-value-parser "^4.2.0"

base64-js@^1.3.0:
  version "1.5.1"
  resolved "https://registry.npmjs.org/base64-js/-/base64-js-1.5.1.tgz"

baseline-browser-mapping@^2.11.20:
  version "2.11.21"
  resolved "https://registry.npmjs.org/baseline-browser-mapping/-/baseline-browser-mapping-2.11.21.tgz"

bignumber.js@^9.0.0:
  version "9.3.1"
  resolved "https://registry.npmjs.org/bignumber.js/-/bignumber.js-9.3.1.tgz"

body-parser@~1.20.5:
  version "1.20.6"
  resolved "https://registry.npmjs.org/body-parser/-/body-parser-1.20.6.tgz"
  dependencies:
    bytes "~3.1.2"
    content-type "~1.0.5"
    debug "2.6.9"
    depd "2.0.0"
    destroy "~1.2.0"
    http-errors "~2.0.1"
    iconv-lite "~0.4.24"
    on-finished "~2.4.1"
    qs "~6.15.1"
    raw-body "~2.5.3"
    type-is "~1.6.18"
    unpipe "~1.0.0"

browserslist@^4.24.0, browserslist@^4.28.9:
  version "4.28.9"
  resolved "https://registry.npmjs.org/browserslist/-/browserslist-4.28.9.tgz"
  dependencies:
    baseline-browser-mapping "^2.11.20"
    caniuse-lite "^1.0.30001810"
    electron-to-chromium "^1.5.420"
    node-releases "^2.0.54"
    update-browserslist-db "^1.3.2"

buffer-equal-constant-time@^1.0.1:
  version "1.0.1"
  resolved "https://registry.npmjs.org/buffer-equal-constant-time/-/buffer-equal-constant-time-1.0.1.tgz"

bytes@~3.1.2:
  version "3.1.2"
  resolved "https://registry.npmjs.org/bytes/-/bytes-3.1.2.tgz"

call-bind-apply-helpers@^1.0.1, call-bind-apply-helpers@^1.0.2:
  version "1.0.2"
  resolved "https://registry.npmjs.org/call-bind-apply-helpers/-/call-bind-apply-helpers-1.0.2.tgz"
  dependencies:
    es-errors "^1.3.0"
    function-bind "^1.1.2"

call-bound@^1.0.2:
  version "1.0.4"
  resolved "https://registry.npmjs.org/call-bound/-/call-bound-1.0.4.tgz"
  dependencies:
    call-bind-apply-helpers "^1.0.2"
    get-intrinsic "^1.3.0"

caniuse-lite@^1.0.30001810:
  version "1.0.30001810"
  resolved "https://registry.npmjs.org/caniuse-lite/-/caniuse-lite-1.0.30001810.tgz"

canvas-confetti@^1.9.4:
  version "1.9.4"
  resolved "https://registry.npmjs.org/canvas-confetti/-/canvas-confetti-1.9.4.tgz"

clsx@^2.1.1:
  version "2.1.1"
  resolved "https://registry.npmjs.org/clsx/-/clsx-2.1.1.tgz"

content-disposition@~0.5.4:
  version "0.5.4"
  resolved "https://registry.npmjs.org/content-disposition/-/content-disposition-0.5.4.tgz"
  dependencies:
    safe-buffer "5.2.1"

content-type@~1.0.4, content-type@~1.0.5:
  version "1.0.5"
  resolved "https://registry.npmjs.org/content-type/-/content-type-1.0.5.tgz"

convert-source-map@^2.0.0:
  version "2.0.0"
  resolved "https://registry.npmjs.org/convert-source-map/-/convert-source-map-2.0.0.tgz"

cookie-signature@~1.0.6:
  version "1.0.7"
  resolved "https://registry.npmjs.org/cookie-signature/-/cookie-signature-1.0.7.tgz"

cookie@~0.7.1:
  version "0.7.2"
  resolved "https://registry.npmjs.org/cookie/-/cookie-0.7.2.tgz"

csstype@^3.2.2:
  version "3.2.3"
  resolved "https://registry.npmjs.org/csstype/-/csstype-3.2.3.tgz"
  integrity sha512-z1HGKcYy2xA8AGQfwrn0PAy+PB7X/GSj3UVJW9qKyn43xWa+gl5nXmU4qqLMRzWVLFC8KusUX8T/0kCiOYpAIQ==

d3-array@^3.1.6, "d3-array@2 - 3", "d3-array@2.10.0 - 3":
  version "3.2.4"
  resolved "https://registry.npmjs.org/d3-array/-/d3-array-3.2.4.tgz"
  dependencies:
    internmap "1 - 2"

"d3-color@1 - 3":
  version "3.1.0"
  resolved "https://registry.npmjs.org/d3-color/-/d3-color-3.1.0.tgz"

d3-ease@^3.0.1:
  version "3.0.1"
  resolved "https://registry.npmjs.org/d3-ease/-/d3-ease-3.0.1.tgz"

"d3-format@1 - 3":
  version "3.1.2"
  resolved "https://registry.npmjs.org/d3-format/-/d3-format-3.1.2.tgz"

d3-interpolate@^3.0.1, "d3-interpolate@1.2.0 - 3":
  version "3.0.1"
  resolved "https://registry.npmjs.org/d3-interpolate/-/d3-interpolate-3.0.1.tgz"
  dependencies:
    d3-color "1 - 3"

d3-path@^3.1.0:
  version "3.1.0"
  resolved "https://registry.npmjs.org/d3-path/-/d3-path-3.1.0.tgz"

d3-scale@^4.0.2:
  version "4.0.2"
  resolved "https://registry.npmjs.org/d3-scale/-/d3-scale-4.0.2.tgz"
  dependencies:
    d3-array "2.10.0 - 3"
    d3-format "1 - 3"
    d3-interpolate "1.2.0 - 3"
    d3-time "2.1.1 - 3"
    d3-time-format "2 - 4"

d3-shape@^3.1.0:
  version "3.2.0"
  resolved "https://registry.npmjs.org/d3-shape/-/d3-shape-3.2.0.tgz"
  dependencies:
    d3-path "^3.1.0"

"d3-time-format@2 - 4":
  version "4.1.0"
  resolved "https://registry.npmjs.org/d3-time-format/-/d3-time-format-4.1.0.tgz"
  dependencies:
    d3-time "1 - 3"

d3-time@^3.0.0, "d3-time@1 - 3", "d3-time@2.1.1 - 3":
  version "3.1.0"
  resolved "https://registry.npmjs.org/d3-time/-/d3-time-3.1.0.tgz"
  dependencies:
    d3-array "2 - 3"

d3-timer@^3.0.1:
  version "3.0.1"
  resolved "https://registry.npmjs.org/d3-timer/-/d3-timer-3.0.1.tgz"

data-uri-to-buffer@^4.0.0:
  version "4.0.1"
  resolved "https://registry.npmjs.org/data-uri-to-buffer/-/data-uri-to-buffer-4.0.1.tgz"

debug@^4.1.0:
  version "4.4.3"
  resolved "https://registry.npmjs.org/debug/-/debug-4.4.3.tgz"
  dependencies:
    ms "^2.1.3"

debug@^4.3.1:
  version "4.4.3"
  resolved "https://registry.npmjs.org/debug/-/debug-4.4.3.tgz"
  dependencies:
    ms "^2.1.3"

debug@2.6.9:
  version "2.6.9"
  resolved "https://registry.npmjs.org/debug/-/debug-2.6.9.tgz"
  dependencies:
    ms "2.0.0"

debug@4:
  version "4.4.3"
  resolved "https://registry.npmjs.org/debug/-/debug-4.4.3.tgz"
  dependencies:
    ms "^2.1.3"

decimal.js-light@^2.5.1:
  version "2.5.1"
  resolved "https://registry.npmjs.org/decimal.js-light/-/decimal.js-light-2.5.1.tgz"

depd@~2.0.0, depd@2.0.0:
  version "2.0.0"
  resolved "https://registry.npmjs.org/depd/-/depd-2.0.0.tgz"

destroy@~1.2.0, destroy@1.2.0:
  version "1.2.0"
  resolved "https://registry.npmjs.org/destroy/-/destroy-1.2.0.tgz"

detect-libc@^2.0.3:
  version "2.1.2"
  resolved "https://registry.npmjs.org/detect-libc/-/detect-libc-2.1.2.tgz"

dotenv@^17.2.3:
  version "17.4.2"
  resolved "https://registry.npmjs.org/dotenv/-/dotenv-17.4.2.tgz"

dunder-proto@^1.0.1:
  version "1.0.1"
  resolved "https://registry.npmjs.org/dunder-proto/-/dunder-proto-1.0.1.tgz"
  dependencies:
    call-bind-apply-helpers "^1.0.1"
    es-errors "^1.3.0"
    gopd "^1.2.0"

ecdsa-sig-formatter@^1.0.11, ecdsa-sig-formatter@1.0.11:
  version "1.0.11"
  resolved "https://registry.npmjs.org/ecdsa-sig-formatter/-/ecdsa-sig-formatter-1.0.11.tgz"
  dependencies:
    safe-buffer "^5.0.1"

ee-first@1.1.1:
  version "1.1.1"
  resolved "https://registry.npmjs.org/ee-first/-/ee-first-1.1.1.tgz"

electron-to-chromium@^1.5.420:
  version "1.5.422"
  resolved "https://registry.npmjs.org/electron-to-chromium/-/electron-to-chromium-1.5.422.tgz"

encodeurl@~2.0.0:
  version "2.0.0"
  resolved "https://registry.npmjs.org/encodeurl/-/encodeurl-2.0.0.tgz"

enhanced-resolve@^5.24.1:
  version "5.24.5"
  resolved "https://registry.npmjs.org/enhanced-resolve/-/enhanced-resolve-5.24.5.tgz"
  dependencies:
    graceful-fs "^4.2.4"
    tapable "^2.3.3"

es-define-property@^1.0.1:
  version "1.0.1"
  resolved "https://registry.npmjs.org/es-define-property/-/es-define-property-1.0.1.tgz"

es-errors@^1.3.0:
  version "1.3.0"
  resolved "https://registry.npmjs.org/es-errors/-/es-errors-1.3.0.tgz"

es-object-atoms@^1.0.0, es-object-atoms@^1.1.1:
  version "1.1.2"
  resolved "https://registry.npmjs.org/es-object-atoms/-/es-object-atoms-1.1.2.tgz"
  dependencies:
    es-errors "^1.3.0"

es-toolkit@^1.39.3:
  version "1.52.0"
  resolved "https://registry.npmjs.org/es-toolkit/-/es-toolkit-1.52.0.tgz"

esbuild@^0.25.0:
  version "0.25.12"
  resolved "https://registry.npmjs.org/esbuild/-/esbuild-0.25.12.tgz"
  optionalDependencies:
    "@esbuild/aix-ppc64" "0.25.12"
    "@esbuild/android-arm" "0.25.12"
    "@esbuild/android-arm64" "0.25.12"
    "@esbuild/android-x64" "0.25.12"
    "@esbuild/darwin-arm64" "0.25.12"
    "@esbuild/darwin-x64" "0.25.12"
    "@esbuild/freebsd-arm64" "0.25.12"
    "@esbuild/freebsd-x64" "0.25.12"
    "@esbuild/linux-arm" "0.25.12"
    "@esbuild/linux-arm64" "0.25.12"
    "@esbuild/linux-ia32" "0.25.12"
    "@esbuild/linux-loong64" "0.25.12"
    "@esbuild/linux-mips64el" "0.25.12"
    "@esbuild/linux-ppc64" "0.25.12"
    "@esbuild/linux-riscv64" "0.25.12"
    "@esbuild/linux-s390x" "0.25.12"
    "@esbuild/linux-x64" "0.25.12"
    "@esbuild/netbsd-arm64" "0.25.12"
    "@esbuild/netbsd-x64" "0.25.12"
    "@esbuild/openbsd-arm64" "0.25.12"
    "@esbuild/openbsd-x64" "0.25.12"
    "@esbuild/openharmony-arm64" "0.25.12"
    "@esbuild/sunos-x64" "0.25.12"
    "@esbuild/win32-arm64" "0.25.12"
    "@esbuild/win32-ia32" "0.25.12"
    "@esbuild/win32-x64" "0.25.12"

esbuild@~0.28.0:
  version "0.28.2"
  resolved "https://registry.npmjs.org/esbuild/-/esbuild-0.28.2.tgz"
  optionalDependencies:
    "@esbuild/aix-ppc64" "0.28.2"
    "@esbuild/android-arm" "0.28.2"
    "@esbuild/android-arm64" "0.28.2"
    "@esbuild/android-x64" "0.28.2"
    "@esbuild/darwin-arm64" "0.28.2"
    "@esbuild/darwin-x64" "0.28.2"
    "@esbuild/freebsd-arm64" "0.28.2"
    "@esbuild/freebsd-x64" "0.28.2"
    "@esbuild/linux-arm" "0.28.2"
    "@esbuild/linux-arm64" "0.28.2"
    "@esbuild/linux-ia32" "0.28.2"
    "@esbuild/linux-loong64" "0.28.2"
    "@esbuild/linux-mips64el" "0.28.2"
    "@esbuild/linux-ppc64" "0.28.2"
    "@esbuild/linux-riscv64" "0.28.2"
    "@esbuild/linux-s390x" "0.28.2"
    "@esbuild/linux-x64" "0.28.2"
    "@esbuild/netbsd-arm64" "0.28.2"
    "@esbuild/netbsd-x64" "0.28.2"
    "@esbuild/openbsd-arm64" "0.28.2"
    "@esbuild/openbsd-x64" "0.28.2"
    "@esbuild/openharmony-arm64" "0.28.2"
    "@esbuild/sunos-x64" "0.28.2"
    "@esbuild/win32-arm64" "0.28.2"
    "@esbuild/win32-ia32" "0.28.2"
    "@esbuild/win32-x64" "0.28.2"

escalade@^3.2.0:
  version "3.2.0"
  resolved "https://registry.npmjs.org/escalade/-/escalade-3.2.0.tgz"

escape-html@~1.0.3:
  version "1.0.3"
  resolved "https://registry.npmjs.org/escape-html/-/escape-html-1.0.3.tgz"

etag@~1.8.1:
  version "1.8.1"
  resolved "https://registry.npmjs.org/etag/-/etag-1.8.1.tgz"

eventemitter3@^5.0.1:
  version "5.0.4"
  resolved "https://registry.npmjs.org/eventemitter3/-/eventemitter3-5.0.4.tgz"

express@^4.21.2:
  version "4.22.2"
  resolved "https://registry.npmjs.org/express/-/express-4.22.2.tgz"
  dependencies:
    accepts "~1.3.8"
    array-flatten "1.1.1"
    body-parser "~1.20.5"
    content-disposition "~0.5.4"
    content-type "~1.0.4"
    cookie "~0.7.1"
    cookie-signature "~1.0.6"
    debug "2.6.9"
    depd "2.0.0"
    encodeurl "~2.0.0"
    escape-html "~1.0.3"
    etag "~1.8.1"
    finalhandler "~1.3.1"
    fresh "~0.5.2"
    http-errors "~2.0.0"
    merge-descriptors "1.0.3"
    methods "~1.1.2"
    on-finished "~2.4.1"
    parseurl "~1.3.3"
    path-to-regexp "~0.1.12"
    proxy-addr "~2.0.7"
    qs "~6.15.1"
    range-parser "~1.2.1"
    safe-buffer "5.2.1"
    send "~0.19.0"
    serve-static "~1.16.2"
    setprototypeof "1.2.0"
    statuses "~2.0.1"
    type-is "~1.6.18"
    utils-merge "1.0.1"
    vary "~1.1.2"

extend@^3.0.2:
  version "3.0.2"
  resolved "https://registry.npmjs.org/extend/-/extend-3.0.2.tgz"

fdir@^6.4.4, fdir@^6.5.0:
  version "6.5.0"
  resolved "https://registry.npmjs.org/fdir/-/fdir-6.5.0.tgz"

fetch-blob@^3.1.2, fetch-blob@^3.1.4:
  version "3.2.0"
  resolved "https://registry.npmjs.org/fetch-blob/-/fetch-blob-3.2.0.tgz"
  dependencies:
    node-domexception "^1.0.0"
    web-streams-polyfill "^3.0.3"

finalhandler@~1.3.1:
  version "1.3.2"
  resolved "https://registry.npmjs.org/finalhandler/-/finalhandler-1.3.2.tgz"
  dependencies:
    debug "2.6.9"
    encodeurl "~2.0.0"
    escape-html "~1.0.3"
    on-finished "~2.4.1"
    parseurl "~1.3.3"
    statuses "~2.0.2"
    unpipe "~1.0.0"

formdata-polyfill@^4.0.10:
  version "4.0.10"
  resolved "https://registry.npmjs.org/formdata-polyfill/-/formdata-polyfill-4.0.10.tgz"
  dependencies:
    fetch-blob "^3.1.2"

forwarded@0.2.0:
  version "0.2.0"
  resolved "https://registry.npmjs.org/forwarded/-/forwarded-0.2.0.tgz"

fraction.js@^5.3.4:
  version "5.3.4"
  resolved "https://registry.npmjs.org/fraction.js/-/fraction.js-5.3.4.tgz"

framer-motion@^12.43.0:
  version "12.43.0"
  resolved "https://registry.npmjs.org/framer-motion/-/framer-motion-12.43.0.tgz"
  dependencies:
    motion-dom "^12.43.0"
    motion-utils "^12.39.0"
    tslib "^2.4.0"

fresh@~0.5.2:
  version "0.5.2"
  resolved "https://registry.npmjs.org/fresh/-/fresh-0.5.2.tgz"

function-bind@^1.1.2:
  version "1.1.2"
  resolved "https://registry.npmjs.org/function-bind/-/function-bind-1.1.2.tgz"

gaxios@^7.0.0, gaxios@^7.1.4:
  version "7.3.1"
  resolved "https://registry.npmjs.org/gaxios/-/gaxios-7.3.1.tgz"
  dependencies:
    extend "^3.0.2"
    https-proxy-agent "^7.0.1"
    node-fetch "^3.3.2"

gcp-metadata@8.1.2:
  version "8.1.2"
  resolved "https://registry.npmjs.org/gcp-metadata/-/gcp-metadata-8.1.2.tgz"
  dependencies:
    gaxios "^7.0.0"
    google-logging-utils "^1.0.0"
    json-bigint "^1.0.0"

gensync@^1.0.0-beta.2:
  version "1.0.0-beta.2"
  resolved "https://registry.npmjs.org/gensync/-/gensync-1.0.0-beta.2.tgz"

get-intrinsic@^1.2.5, get-intrinsic@^1.3.0:
  version "1.3.0"
  resolved "https://registry.npmjs.org/get-intrinsic/-/get-intrinsic-1.3.0.tgz"
  dependencies:
    call-bind-apply-helpers "^1.0.2"
    es-define-property "^1.0.1"
    es-errors "^1.3.0"
    es-object-atoms "^1.1.1"
    function-bind "^1.1.2"
    get-proto "^1.0.1"
    gopd "^1.2.0"
    has-symbols "^1.1.0"
    hasown "^2.0.2"
    math-intrinsics "^1.1.0"

get-proto@^1.0.1:
  version "1.0.1"
  resolved "https://registry.npmjs.org/get-proto/-/get-proto-1.0.1.tgz"
  dependencies:
    dunder-proto "^1.0.1"
    es-object-atoms "^1.0.0"

google-auth-library@^10.3.0:
  version "10.9.1"
  resolved "https://registry.npmjs.org/google-auth-library/-/google-auth-library-10.9.1.tgz"
  dependencies:
    base64-js "^1.3.0"
    ecdsa-sig-formatter "^1.0.11"
    gaxios "^7.1.4"
    gcp-metadata "8.1.2"
    google-logging-utils "1.1.3"
    jws "^4.0.0"

google-logging-utils@^1.0.0, google-logging-utils@1.1.3:
  version "1.1.3"
  resolved "https://registry.npmjs.org/google-logging-utils/-/google-logging-utils-1.1.3.tgz"

gopd@^1.2.0:
  version "1.2.0"
  resolved "https://registry.npmjs.org/gopd/-/gopd-1.2.0.tgz"

graceful-fs@^4.2.4:
  version "4.2.11"
  resolved "https://registry.npmjs.org/graceful-fs/-/graceful-fs-4.2.11.tgz"

has-symbols@^1.1.0:
  version "1.1.0"
  resolved "https://registry.npmjs.org/has-symbols/-/has-symbols-1.1.0.tgz"

hasown@^2.0.2:
  version "2.0.4"
  resolved "https://registry.npmjs.org/hasown/-/hasown-2.0.4.tgz"
  dependencies:
    function-bind "^1.1.2"

http-errors@~2.0.0, http-errors@~2.0.1:
  version "2.0.1"
  resolved "https://registry.npmjs.org/http-errors/-/http-errors-2.0.1.tgz"
  dependencies:
    depd "~2.0.0"
    inherits "~2.0.4"
    setprototypeof "~1.2.0"
    statuses "~2.0.2"
    toidentifier "~1.0.1"

https-proxy-agent@^7.0.1:
  version "7.0.6"
  resolved "https://registry.npmjs.org/https-proxy-agent/-/https-proxy-agent-7.0.6.tgz"
  dependencies:
    agent-base "^7.1.2"
    debug "4"

iconv-lite@~0.4.24:
  version "0.4.24"
  resolved "https://registry.npmjs.org/iconv-lite/-/iconv-lite-0.4.24.tgz"
  dependencies:
    safer-buffer ">= 2.1.2 < 3"

immer@^11.0.0, immer@^11.1.8:
  version "11.1.18"
  resolved "https://registry.npmjs.org/immer/-/immer-11.1.18.tgz"

inherits@~2.0.4:
  version "2.0.4"
  resolved "https://registry.npmjs.org/inherits/-/inherits-2.0.4.tgz"

"internmap@1 - 2":
  version "2.0.3"
  resolved "https://registry.npmjs.org/internmap/-/internmap-2.0.3.tgz"

ipaddr.js@1.9.1:
  version "1.9.1"
  resolved "https://registry.npmjs.org/ipaddr.js/-/ipaddr.js-1.9.1.tgz"

jiti@^2.7.0:
  version "2.7.0"
  resolved "https://registry.npmjs.org/jiti/-/jiti-2.7.0.tgz"

js-tokens@^4.0.0:
  version "4.0.0"
  resolved "https://registry.npmjs.org/js-tokens/-/js-tokens-4.0.0.tgz"

jsesc@^3.0.2:
  version "3.1.0"
  resolved "https://registry.npmjs.org/jsesc/-/jsesc-3.1.0.tgz"

json-bigint@^1.0.0:
  version "1.0.0"
  resolved "https://registry.npmjs.org/json-bigint/-/json-bigint-1.0.0.tgz"
  dependencies:
    bignumber.js "^9.0.0"

json5@^2.2.3:
  version "2.2.3"
  resolved "https://registry.npmjs.org/json5/-/json5-2.2.3.tgz"

jwa@^2.0.1:
  version "2.0.1"
  resolved "https://registry.npmjs.org/jwa/-/jwa-2.0.1.tgz"
  dependencies:
    buffer-equal-constant-time "^1.0.1"
    ecdsa-sig-formatter "1.0.11"
    safe-buffer "^5.0.1"

jws@^4.0.0:
  version "4.0.1"
  resolved "https://registry.npmjs.org/jws/-/jws-4.0.1.tgz"
  dependencies:
    jwa "^2.0.1"
    safe-buffer "^5.0.1"

lightningcss-linux-x64-gnu@1.32.0:
  version "1.32.0"
  resolved "https://registry.npmjs.org/lightningcss-linux-x64-gnu/-/lightningcss-linux-x64-gnu-1.32.0.tgz"

lightningcss-linux-x64-musl@1.32.0:
  version "1.32.0"
  resolved "https://registry.npmjs.org/lightningcss-linux-x64-musl/-/lightningcss-linux-x64-musl-1.32.0.tgz"

lightningcss@1.32.0:
  version "1.32.0"
  resolved "https://registry.npmjs.org/lightningcss/-/lightningcss-1.32.0.tgz"
  dependencies:
    detect-libc "^2.0.3"
  optionalDependencies:
    lightningcss-android-arm64 "1.32.0"
    lightningcss-darwin-arm64 "1.32.0"
    lightningcss-darwin-x64 "1.32.0"
    lightningcss-freebsd-x64 "1.32.0"
    lightningcss-linux-arm-gnueabihf "1.32.0"
    lightningcss-linux-arm64-gnu "1.32.0"
    lightningcss-linux-arm64-musl "1.32.0"
    lightningcss-linux-x64-gnu "1.32.0"
    lightningcss-linux-x64-musl "1.32.0"
    lightningcss-win32-arm64-msvc "1.32.0"
    lightningcss-win32-x64-msvc "1.32.0"

long@^5.3.2:
  version "5.3.2"
  resolved "https://registry.npmjs.org/long/-/long-5.3.2.tgz"

lru-cache@^5.1.1:
  version "5.1.1"
  resolved "https://registry.npmjs.org/lru-cache/-/lru-cache-5.1.1.tgz"
  dependencies:
    yallist "^3.0.2"

lucide-react@^0.546.0:
  version "0.546.0"
  resolved "https://registry.npmjs.org/lucide-react/-/lucide-react-0.546.0.tgz"

magic-string@^0.30.21:
  version "0.30.21"
  resolved "https://registry.npmjs.org/magic-string/-/magic-string-0.30.21.tgz"
  dependencies:
    "@jridgewell/sourcemap-codec" "^1.5.5"

math-intrinsics@^1.1.0:
  version "1.1.0"
  resolved "https://registry.npmjs.org/math-intrinsics/-/math-intrinsics-1.1.0.tgz"

media-typer@0.3.0:
  version "0.3.0"
  resolved "https://registry.npmjs.org/media-typer/-/media-typer-0.3.0.tgz"

merge-descriptors@1.0.3:
  version "1.0.3"
  resolved "https://registry.npmjs.org/merge-descriptors/-/merge-descriptors-1.0.3.tgz"

methods@~1.1.2:
  version "1.1.2"
  resolved "https://registry.npmjs.org/methods/-/methods-1.1.2.tgz"

mime-db@1.52.0:
  version "1.52.0"
  resolved "https://registry.npmjs.org/mime-db/-/mime-db-1.52.0.tgz"

mime-types@~2.1.24, mime-types@~2.1.34:
  version "2.1.35"
  resolved "https://registry.npmjs.org/mime-types/-/mime-types-2.1.35.tgz"
  dependencies:
    mime-db "1.52.0"

mime@1.6.0:
  version "1.6.0"
  resolved "https://registry.npmjs.org/mime/-/mime-1.6.0.tgz"

motion-dom@^12.43.0:
  version "12.43.0"
  resolved "https://registry.npmjs.org/motion-dom/-/motion-dom-12.43.0.tgz"
  dependencies:
    motion-utils "^12.39.0"

motion-utils@^12.39.0:
  version "12.39.0"
  resolved "https://registry.npmjs.org/motion-utils/-/motion-utils-12.39.0.tgz"

motion@^12.23.24:
  version "12.43.0"
  resolved "https://registry.npmjs.org/motion/-/motion-12.43.0.tgz"
  dependencies:
    framer-motion "^12.43.0"
    tslib "^2.4.0"

ms@^2.1.3:
  version "2.1.3"
  resolved "https://registry.npmjs.org/ms/-/ms-2.1.3.tgz"

ms@2.0.0:
  version "2.0.0"
  resolved "https://registry.npmjs.org/ms/-/ms-2.0.0.tgz"

ms@2.1.3:
  version "2.1.3"
  resolved "https://registry.npmjs.org/ms/-/ms-2.1.3.tgz"

nanoid@^3.3.18:
  version "3.3.18"
  resolved "https://registry.npmjs.org/nanoid/-/nanoid-3.3.18.tgz"

negotiator@0.6.3:
  version "0.6.3"
  resolved "https://registry.npmjs.org/negotiator/-/negotiator-0.6.3.tgz"

node-domexception@^1.0.0:
  version "1.0.0"
  resolved "https://registry.npmjs.org/node-domexception/-/node-domexception-1.0.0.tgz"

node-fetch@^3.3.2:
  version "3.3.2"
  resolved "https://registry.npmjs.org/node-fetch/-/node-fetch-3.3.2.tgz"
  dependencies:
    data-uri-to-buffer "^4.0.0"
    fetch-blob "^3.1.4"
    formdata-polyfill "^4.0.10"

node-releases@^2.0.54:
  version "2.0.54"
  resolved "https://registry.npmjs.org/node-releases/-/node-releases-2.0.54.tgz"

object-inspect@^1.13.3, object-inspect@^1.13.4:
  version "1.13.4"
  resolved "https://registry.npmjs.org/object-inspect/-/object-inspect-1.13.4.tgz"

on-finished@~2.4.1:
  version "2.4.1"
  resolved "https://registry.npmjs.org/on-finished/-/on-finished-2.4.1.tgz"
  dependencies:
    ee-first "1.1.1"

p-retry@^4.6.2:
  version "4.6.2"
  resolved "https://registry.npmjs.org/p-retry/-/p-retry-4.6.2.tgz"
  dependencies:
    "@types/retry" "0.12.0"
    retry "^0.13.1"

parseurl@~1.3.3:
  version "1.3.3"
  resolved "https://registry.npmjs.org/parseurl/-/parseurl-1.3.3.tgz"

path-to-regexp@~0.1.12:
  version "0.1.13"
  resolved "https://registry.npmjs.org/path-to-regexp/-/path-to-regexp-0.1.13.tgz"

picocolors@^1.1.1:
  version "1.1.1"
  resolved "https://registry.npmjs.org/picocolors/-/picocolors-1.1.1.tgz"

picomatch@^4.0.2, picomatch@^4.0.4:
  version "4.0.7"
  resolved "https://registry.npmjs.org/picomatch/-/picomatch-4.0.7.tgz"

postcss-value-parser@^4.2.0:
  version "4.2.0"
  resolved "https://registry.npmjs.org/postcss-value-parser/-/postcss-value-parser-4.2.0.tgz"

postcss@^8.5.3:
  version "8.5.28"
  resolved "https://registry.npmjs.org/postcss/-/postcss-8.5.28.tgz"
  dependencies:
    nanoid "^3.3.18"
    picocolors "^1.1.1"
    source-map-js "^1.2.1"

protobufjs@^7.5.4:
  version "7.6.6"
  resolved "https://registry.npmjs.org/protobufjs/-/protobufjs-7.6.6.tgz"
  dependencies:
    "@protobufjs/aspromise" "^1.1.2"
    "@protobufjs/base64" "^1.1.2"
    "@protobufjs/codegen" "^2.0.5"
    "@protobufjs/eventemitter" "^1.1.1"
    "@protobufjs/fetch" "^1.1.1"
    "@protobufjs/float" "^1.0.2"
    "@protobufjs/path" "^1.1.2"
    "@protobufjs/pool" "^1.1.0"
    "@protobufjs/utf8" "^1.1.1"
    "@types/node" ">=13.7.0"
    long "^5.3.2"

proxy-addr@~2.0.7:
  version "2.0.7"
  resolved "https://registry.npmjs.org/proxy-addr/-/proxy-addr-2.0.7.tgz"
  dependencies:
    forwarded "0.2.0"
    ipaddr.js "1.9.1"

qs@~6.15.1:
  version "6.15.3"
  resolved "https://registry.npmjs.org/qs/-/qs-6.15.3.tgz"
  dependencies:
    es-define-property "^1.0.1"
    side-channel "^1.1.1"

range-parser@~1.2.1:
  version "1.2.1"
  resolved "https://registry.npmjs.org/range-parser/-/range-parser-1.2.1.tgz"

raw-body@~2.5.3:
  version "2.5.3"
  resolved "https://registry.npmjs.org/raw-body/-/raw-body-2.5.3.tgz"
  dependencies:
    bytes "~3.1.2"
    http-errors "~2.0.1"
    iconv-lite "~0.4.24"
    unpipe "~1.0.0"

react-dom@^19.0.1:
  version "19.2.8"
  resolved "https://registry.npmjs.org/react-dom/-/react-dom-19.2.8.tgz"
  dependencies:
    scheduler "^0.27.0"

react-is@^19.2.8:
  version "19.2.8"
  resolved "https://registry.npmjs.org/react-is/-/react-is-19.2.8.tgz"
  integrity sha512-s5un28nYxKJw5gvUHyW5PCC28CvBqLu9r3cWgzHT4Vo/5fqqkFcdRYsGcKf50WMPpjjFZS5d76fn3YCo2njKwQ==

"react-redux@8.x.x || 9.x.x":
  version "9.3.0"
  resolved "https://registry.npmjs.org/react-redux/-/react-redux-9.3.0.tgz"
  dependencies:
    "@types/use-sync-external-store" "^0.0.6"
    use-sync-external-store "^1.4.0"

react-refresh@^0.18.0:
  version "0.18.0"
  resolved "https://registry.npmjs.org/react-refresh/-/react-refresh-0.18.0.tgz"

react@^19.0.1:
  version "19.2.8"
  resolved "https://registry.npmjs.org/react/-/react-19.2.8.tgz"

recharts@^3.10.1:
  version "3.10.1"
  resolved "https://registry.npmjs.org/recharts/-/recharts-3.10.1.tgz"
  dependencies:
    "@reduxjs/toolkit" "^1.9.0 || 2.x.x"
    clsx "^2.1.1"
    decimal.js-light "^2.5.1"
    es-toolkit "^1.39.3"
    eventemitter3 "^5.0.1"
    immer "^11.1.8"
    react-redux "8.x.x || 9.x.x"
    reselect "5.2.0"
    tiny-invariant "^1.3.3"
    use-sync-external-store "^1.2.2"
    victory-vendor "^37.0.2"

redux-thunk@^3.1.0:
  version "3.1.0"
  resolved "https://registry.npmjs.org/redux-thunk/-/redux-thunk-3.1.0.tgz"

redux@^5.0.1:
  version "5.0.1"
  resolved "https://registry.npmjs.org/redux/-/redux-5.0.1.tgz"

reselect@^5.1.0, reselect@5.2.0:
  version "5.2.0"
  resolved "https://registry.npmjs.org/reselect/-/reselect-5.2.0.tgz"

retry@^0.13.1:
  version "0.13.1"
  resolved "https://registry.npmjs.org/retry/-/retry-0.13.1.tgz"

rollup@^4.34.9:
  version "4.63.1"
  resolved "https://registry.npmjs.org/rollup/-/rollup-4.63.1.tgz"
  dependencies:
    "@types/estree" "1.0.9"
  optionalDependencies:
    "@napi-rs/lzma-linux-x64-gnu" "1.5.1"
    "@rollup/rollup-android-arm-eabi" "4.63.1"
    "@rollup/rollup-android-arm64" "4.63.1"
    "@rollup/rollup-darwin-arm64" "4.63.1"
    "@rollup/rollup-darwin-x64" "4.63.1"
    "@rollup/rollup-freebsd-arm64" "4.63.1"
    "@rollup/rollup-freebsd-x64" "4.63.1"
    "@rollup/rollup-linux-arm-gnueabihf" "4.63.1"
    "@rollup/rollup-linux-arm-musleabihf" "4.63.1"
    "@rollup/rollup-linux-arm64-gnu" "4.63.1"
    "@rollup/rollup-linux-arm64-musl" "4.63.1"
    "@rollup/rollup-linux-loong64-gnu" "4.63.1"
    "@rollup/rollup-linux-loong64-musl" "4.63.1"
    "@rollup/rollup-linux-ppc64-gnu" "4.63.1"
    "@rollup/rollup-linux-ppc64-musl" "4.63.1"
    "@rollup/rollup-linux-riscv64-gnu" "4.63.1"
    "@rollup/rollup-linux-riscv64-musl" "4.63.1"
    "@rollup/rollup-linux-s390x-gnu" "4.63.1"
    "@rollup/rollup-linux-x64-gnu" "4.63.1"
    "@rollup/rollup-linux-x64-musl" "4.63.1"
    "@rollup/rollup-openbsd-x64" "4.63.1"
    "@rollup/rollup-openharmony-arm64" "4.63.1"
    "@rollup/rollup-win32-arm64-msvc" "4.63.1"
    "@rollup/rollup-win32-ia32-msvc" "4.63.1"
    "@rollup/rollup-win32-x64-gnu" "4.63.1"
    "@rollup/rollup-win32-x64-msvc" "4.63.1"
    fsevents "~2.3.2"

safe-buffer@^5.0.1, safe-buffer@5.2.1:
  version "5.2.1"
  resolved "https://registry.npmjs.org/safe-buffer/-/safe-buffer-5.2.1.tgz"

"safer-buffer@>= 2.1.2 < 3":
  version "2.1.2"
  resolved "https://registry.npmjs.org/safer-buffer/-/safer-buffer-2.1.2.tgz"

scheduler@^0.27.0:
  version "0.27.0"
  resolved "https://registry.npmjs.org/scheduler/-/scheduler-0.27.0.tgz"

semver@^6.3.1:
  version "6.3.1"
  resolved "https://registry.npmjs.org/semver/-/semver-6.3.1.tgz"

send@~0.19.0, send@~0.19.1:
  version "0.19.2"
  resolved "https://registry.npmjs.org/send/-/send-0.19.2.tgz"
  dependencies:
    debug "2.6.9"
    depd "2.0.0"
    destroy "1.2.0"
    encodeurl "~2.0.0"
    escape-html "~1.0.3"
    etag "~1.8.1"
    fresh "~0.5.2"
    http-errors "~2.0.1"
    mime "1.6.0"
    ms "2.1.3"
    on-finished "~2.4.1"
    range-parser "~1.2.1"
    statuses "~2.0.2"

serve-static@~1.16.2:
  version "1.16.3"
  resolved "https://registry.npmjs.org/serve-static/-/serve-static-1.16.3.tgz"
  dependencies:
    encodeurl "~2.0.0"
    escape-html "~1.0.3"
    parseurl "~1.3.3"
    send "~0.19.1"

setprototypeof@~1.2.0, setprototypeof@1.2.0:
  version "1.2.0"
  resolved "https://registry.npmjs.org/setprototypeof/-/setprototypeof-1.2.0.tgz"

side-channel-list@^1.0.1:
  version "1.0.1"
  resolved "https://registry.npmjs.org/side-channel-list/-/side-channel-list-1.0.1.tgz"
  dependencies:
    es-errors "^1.3.0"
    object-inspect "^1.13.4"

side-channel-map@^1.0.1:
  version "1.0.1"
  resolved "https://registry.npmjs.org/side-channel-map/-/side-channel-map-1.0.1.tgz"
  dependencies:
    call-bound "^1.0.2"
    es-errors "^1.3.0"
    get-intrinsic "^1.2.5"
    object-inspect "^1.13.3"

side-channel-weakmap@^1.0.2:
  version "1.0.2"
  resolved "https://registry.npmjs.org/side-channel-weakmap/-/side-channel-weakmap-1.0.2.tgz"
  dependencies:
    call-bound "^1.0.2"
    es-errors "^1.3.0"
    get-intrinsic "^1.2.5"
    object-inspect "^1.13.3"
    side-channel-map "^1.0.1"

side-channel@^1.1.1:
  version "1.1.1"
  resolved "https://registry.npmjs.org/side-channel/-/side-channel-1.1.1.tgz"
  dependencies:
    es-errors "^1.3.0"
    object-inspect "^1.13.4"
    side-channel-list "^1.0.1"
    side-channel-map "^1.0.1"
    side-channel-weakmap "^1.0.2"

source-map-js@^1.2.1:
  version "1.2.1"
  resolved "https://registry.npmjs.org/source-map-js/-/source-map-js-1.2.1.tgz"

statuses@~2.0.1, statuses@~2.0.2:
  version "2.0.2"
  resolved "https://registry.npmjs.org/statuses/-/statuses-2.0.2.tgz"

tailwindcss@^4.1.14, tailwindcss@4.3.3:
  version "4.3.3"
  resolved "https://registry.npmjs.org/tailwindcss/-/tailwindcss-4.3.3.tgz"

tapable@^2.3.3:
  version "2.3.3"
  resolved "https://registry.npmjs.org/tapable/-/tapable-2.3.3.tgz"

tiny-invariant@^1.3.3:
  version "1.3.3"
  resolved "https://registry.npmjs.org/tiny-invariant/-/tiny-invariant-1.3.3.tgz"

tinyglobby@^0.2.13:
  version "0.2.17"
  resolved "https://registry.npmjs.org/tinyglobby/-/tinyglobby-0.2.17.tgz"
  dependencies:
    fdir "^6.5.0"
    picomatch "^4.0.4"

toidentifier@~1.0.1:
  version "1.0.1"
  resolved "https://registry.npmjs.org/toidentifier/-/toidentifier-1.0.1.tgz"

tslib@^2.4.0:
  version "2.8.1"
  resolved "https://registry.npmjs.org/tslib/-/tslib-2.8.1.tgz"

tsx@^4.21.0:
  version "4.23.13"
  resolved "https://registry.npmjs.org/tsx/-/tsx-4.23.13.tgz"
  dependencies:
    esbuild "~0.28.0"
  optionalDependencies:
    fsevents "~2.3.3"

type-is@~1.6.18:
  version "1.6.18"
  resolved "https://registry.npmjs.org/type-is/-/type-is-1.6.18.tgz"
  dependencies:
    media-typer "0.3.0"
    mime-types "~2.1.24"

typescript@~5.8.2:
  version "5.8.3"
  resolved "https://registry.npmjs.org/typescript/-/typescript-5.8.3.tgz"

undici-types@~6.21.0:
  version "6.21.0"
  resolved "https://registry.npmjs.org/undici-types/-/undici-types-6.21.0.tgz"

undici-types@~8.3.0:
  version "8.3.0"
  resolved "https://registry.npmjs.org/undici-types/-/undici-types-8.3.0.tgz"

unpipe@~1.0.0:
  version "1.0.0"
  resolved "https://registry.npmjs.org/unpipe/-/unpipe-1.0.0.tgz"

update-browserslist-db@^1.3.2:
  version "1.3.2"
  resolved "https://registry.npmjs.org/update-browserslist-db/-/update-browserslist-db-1.3.2.tgz"
  dependencies:
    escalade "^3.2.0"
    picocolors "^1.1.1"

use-sync-external-store@^1.2.2, use-sync-external-store@^1.4.0:
  version "1.6.0"
  resolved "https://registry.npmjs.org/use-sync-external-store/-/use-sync-external-store-1.6.0.tgz"

utils-merge@1.0.1:
  version "1.0.1"
  resolved "https://registry.npmjs.org/utils-merge/-/utils-merge-1.0.1.tgz"

vary@~1.1.2:
  version "1.1.2"
  resolved "https://registry.npmjs.org/vary/-/vary-1.1.2.tgz"

victory-vendor@^37.0.2:
  version "37.3.6"
  resolved "https://registry.npmjs.org/victory-vendor/-/victory-vendor-37.3.6.tgz"
  dependencies:
    "@types/d3-array" "^3.0.3"
    "@types/d3-ease" "^3.0.0"
    "@types/d3-interpolate" "^3.0.1"
    "@types/d3-scale" "^4.0.2"
    "@types/d3-shape" "^3.1.0"
    "@types/d3-time" "^3.0.0"
    "@types/d3-timer" "^3.0.0"
    d3-array "^3.1.6"
    d3-ease "^3.0.1"
    d3-interpolate "^3.0.1"
    d3-scale "^4.0.2"
    d3-shape "^3.1.0"
    d3-time "^3.0.0"
    d3-timer "^3.0.1"

vite@^6.2.3:
  version "6.4.3"
  resolved "https://registry.npmjs.org/vite/-/vite-6.4.3.tgz"
  dependencies:
    esbuild "^0.25.0"
    fdir "^6.4.4"
    picomatch "^4.0.2"
    postcss "^8.5.3"
    rollup "^4.34.9"
    tinyglobby "^0.2.13"
  optionalDependencies:
    fsevents "~2.3.3"

web-streams-polyfill@^3.0.3:
  version "3.3.3"
  resolved "https://registry.npmjs.org/web-streams-polyfill/-/web-streams-polyfill-3.3.3.tgz"

ws@^8.18.0:
  version "8.21.3"
  resolved "https://registry.npmjs.org/ws/-/ws-8.21.3.tgz"

yallist@^3.0.2:
  version "3.1.1"
  resolved "https://registry.npmjs.org/yallist/-/yallist-3.1.1.tgz"
